PODS:
  - blurhash_ffi (0.0.1):
    - Flutter
  - Flutter (1.0.0)

DEPENDENCIES:
  - blurhash_ffi (from `.symlinks/plugins/blurhash_ffi/ios`)
  - Flutter (from `Flutter`)

EXTERNAL SOURCES:
  blurhash_ffi:
    :path: ".symlinks/plugins/blurhash_ffi/ios"
  Flutter:
    :path: Flutter

SPEC CHECKSUMS:
  blurhash_ffi: 4831b96320d4273876c9a2fd3f7d50b8a3a53509
  Flutter: f04841e97a9d0b0a8025694d0796dd46242b2854

PODFILE CHECKSUM: 70d9d25280d0dd177a5f637cdb0f0b0b12c6a189

COCOAPODS: 1.12.1
