PODS:
  - blurhash_ffi (0.0.1):
    - FlutterMacOS
  - FlutterMacOS (1.0.0)

DEPENDENCIES:
  - blurhash_ffi (from `Flutter/ephemeral/.symlinks/plugins/blurhash_ffi/macos`)
  - FlutterMacOS (from `Flutter/ephemeral`)

EXTERNAL SOURCES:
  blurhash_ffi:
    :path: Flutter/ephemeral/.symlinks/plugins/blurhash_ffi/macos
  FlutterMacOS:
    :path: Flutter/ephemeral

SPEC CHECKSUMS:
  blurhash_ffi: 08654b437e9dc2a8a4ce476a7fa4898b3a333fb6
  FlutterMacOS: 8f6f14fa908a6fb3fba0cd85dbd81ec4b251fb24

PODFILE CHECKSUM: 236401fc2c932af29a9fcf0e97baeeb2d750d367

COCOAPODS: 1.12.1
